// !$*UTF8*$!
{
	archiveVersion = 1;
	classes = {
	};
	objectVersion = 50;
	objects = {

/* Begin PBXBuildFile section */
		9901E4C8225C340D004752E8 /* AuthService.swift in Sources */ = {isa = PBXBuildFile; fileRef = 9901E4C7225C340D004752E8 /* AuthService.swift */; };
		9901E4CA22600A51004752E8 /* User.swift in Sources */ = {isa = PBXBuildFile; fileRef = 9901E4C922600A51004752E8 /* User.swift */; };
		9901E4CC22602343004752E8 /* UserDataService.swift in Sources */ = {isa = PBXBuildFile; fileRef = 9901E4CB22602343004752E8 /* UserDataService.swift */; };
		9901E4CE2260277A004752E8 /* SlackUser.swift in Sources */ = {isa = PBXBuildFile; fileRef = 9901E4CD2260277A004752E8 /* SlackUser.swift */; };
		9912A12E2228B3B9006CA38D /* AppDelegate.swift in Sources */ = {isa = PBXBuildFile; fileRef = 9912A12D2228B3B9006CA38D /* AppDelegate.swift */; };
		9912A1322228B3BA006CA38D /* Assets.xcassets in Resources */ = {isa = PBXBuildFile; fileRef = 9912A1312228B3BA006CA38D /* Assets.xcassets */; };
		9912A1352228B3BA006CA38D /* Main.storyboard in Resources */ = {isa = PBXBuildFile; fileRef = 9912A1332228B3BA006CA38D /* Main.storyboard */; };
		9912A1412228B8F8006CA38D /* ToolBarViewController.swift in Sources */ = {isa = PBXBuildFile; fileRef = 9912A1402228B8F8006CA38D /* ToolBarViewController.swift */; };
		9912A1432228B908006CA38D /* ChannelViewController.swift in Sources */ = {isa = PBXBuildFile; fileRef = 9912A1422228B908006CA38D /* ChannelViewController.swift */; };
		9912A1452228B91A006CA38D /* ChatViewController.swift in Sources */ = {isa = PBXBuildFile; fileRef = 9912A1442228B91A006CA38D /* ChatViewController.swift */; };
		9912A1472228BA1E006CA38D /* MainWindowController.swift in Sources */ = {isa = PBXBuildFile; fileRef = 9912A1462228BA1E006CA38D /* MainWindowController.swift */; };
		9912A14A2228C781006CA38D /* Consants.swift in Sources */ = {isa = PBXBuildFile; fileRef = 9912A1492228C781006CA38D /* Consants.swift */; };
		99A86B8C224FA938007048C0 /* ModalType.swift in Sources */ = {isa = PBXBuildFile; fileRef = 99A86B8B224FA938007048C0 /* ModalType.swift */; };
		99A86B8E224FA9D9007048C0 /* NotificationName+Custom.swift in Sources */ = {isa = PBXBuildFile; fileRef = 99A86B8D224FA9D9007048C0 /* NotificationName+Custom.swift */; };
		99A86B90224FAEA1007048C0 /* ClickBlockingView.swift in Sources */ = {isa = PBXBuildFile; fileRef = 99A86B8F224FAEA1007048C0 /* ClickBlockingView.swift */; };
		99A86B9322505FB7007048C0 /* ModalLogin.xib in Resources */ = {isa = PBXBuildFile; fileRef = 99A86B9222505FB7007048C0 /* ModalLogin.xib */; };
		99A86B9522506078007048C0 /* ModalLogin.swift in Sources */ = {isa = PBXBuildFile; fileRef = 99A86B9422506078007048C0 /* ModalLogin.swift */; };
		99A86B9722544C34007048C0 /* ModalCreateAccount.xib in Resources */ = {isa = PBXBuildFile; fileRef = 99A86B9622544C34007048C0 /* ModalCreateAccount.xib */; };
		99A86B9922544C56007048C0 /* ModalCreateAccount.swift in Sources */ = {isa = PBXBuildFile; fileRef = 99A86B9822544C56007048C0 /* ModalCreateAccount.swift */; };
		99D1BC2A224EDD6200A67A65 /* NSButton+Colors.swift in Sources */ = {isa = PBXBuildFile; fileRef = 99D1BC29224EDD6100A67A65 /* NSButton+Colors.swift */; };
		9C628008AB4719CC59647A59 /* Pods_DevSlopesSlack.framework in Frameworks */ = {isa = PBXBuildFile; fileRef = 79A13CDAFD1A8474E3D95AC1 /* Pods_DevSlopesSlack.framework */; };
/* End PBXBuildFile section */

/* Begin PBXFileReference section */
		1A6FEE27DDC6FFDED675CDBA /* Pods-DevSlopesSlack.debug.xcconfig */ = {isa = PBXFileReference; includeInIndex = 1; lastKnownFileType = text.xcconfig; name = "Pods-DevSlopesSlack.debug.xcconfig"; path = "Target Support Files/Pods-DevSlopesSlack/Pods-DevSlopesSlack.debug.xcconfig"; sourceTree = "<group>"; };
		79A13CDAFD1A8474E3D95AC1 /* Pods_DevSlopesSlack.framework */ = {isa = PBXFileReference; explicitFileType = wrapper.framework; includeInIndex = 0; path = Pods_DevSlopesSlack.framework; sourceTree = BUILT_PRODUCTS_DIR; };
		9901E4C7225C340D004752E8 /* AuthService.swift */ = {isa = PBXFileReference; lastKnownFileType = sourcecode.swift; path = AuthService.swift; sourceTree = "<group>"; };
		9901E4C922600A51004752E8 /* User.swift */ = {isa = PBXFileReference; lastKnownFileType = sourcecode.swift; path = User.swift; sourceTree = "<group>"; };
		9901E4CB22602343004752E8 /* UserDataService.swift */ = {isa = PBXFileReference; lastKnownFileType = sourcecode.swift; path = UserDataService.swift; sourceTree = "<group>"; };
		9901E4CD2260277A004752E8 /* SlackUser.swift */ = {isa = PBXFileReference; lastKnownFileType = sourcecode.swift; path = SlackUser.swift; sourceTree = "<group>"; };
		9912A12A2228B3B9006CA38D /* DevSlopesSlack.app */ = {isa = PBXFileReference; explicitFileType = wrapper.application; includeInIndex = 0; path = DevSlopesSlack.app; sourceTree = BUILT_PRODUCTS_DIR; };
		9912A12D2228B3B9006CA38D /* AppDelegate.swift */ = {isa = PBXFileReference; lastKnownFileType = sourcecode.swift; path = AppDelegate.swift; sourceTree = "<group>"; };
		9912A1312228B3BA006CA38D /* Assets.xcassets */ = {isa = PBXFileReference; lastKnownFileType = folder.assetcatalog; path = Assets.xcassets; sourceTree = "<group>"; };
		9912A1342228B3BA006CA38D /* Base */ = {isa = PBXFileReference; lastKnownFileType = file.storyboard; name = Base; path = Base.lproj/Main.storyboard; sourceTree = "<group>"; };
		9912A1362228B3BA006CA38D /* Info.plist */ = {isa = PBXFileReference; lastKnownFileType = text.plist.xml; path = Info.plist; sourceTree = "<group>"; };
		9912A1372228B3BA006CA38D /* DevSlopesSlack.entitlements */ = {isa = PBXFileReference; lastKnownFileType = text.plist.entitlements; path = DevSlopesSlack.entitlements; sourceTree = "<group>"; };
		9912A1402228B8F8006CA38D /* ToolBarViewController.swift */ = {isa = PBXFileReference; lastKnownFileType = sourcecode.swift; path = ToolBarViewController.swift; sourceTree = "<group>"; };
		9912A1422228B908006CA38D /* ChannelViewController.swift */ = {isa = PBXFileReference; lastKnownFileType = sourcecode.swift; path = ChannelViewController.swift; sourceTree = "<group>"; };
		9912A1442228B91A006CA38D /* ChatViewController.swift */ = {isa = PBXFileReference; lastKnownFileType = sourcecode.swift; path = ChatViewController.swift; sourceTree = "<group>"; };
		9912A1462228BA1E006CA38D /* MainWindowController.swift */ = {isa = PBXFileReference; lastKnownFileType = sourcecode.swift; path = MainWindowController.swift; sourceTree = "<group>"; };
		9912A1492228C781006CA38D /* Consants.swift */ = {isa = PBXFileReference; lastKnownFileType = sourcecode.swift; path = Consants.swift; sourceTree = "<group>"; };
		99A86B8B224FA938007048C0 /* ModalType.swift */ = {isa = PBXFileReference; lastKnownFileType = sourcecode.swift; path = ModalType.swift; sourceTree = "<group>"; };
		99A86B8D224FA9D9007048C0 /* NotificationName+Custom.swift */ = {isa = PBXFileReference; lastKnownFileType = sourcecode.swift; path = "NotificationName+Custom.swift"; sourceTree = "<group>"; };
		99A86B8F224FAEA1007048C0 /* ClickBlockingView.swift */ = {isa = PBXFileReference; lastKnownFileType = sourcecode.swift; path = ClickBlockingView.swift; sourceTree = "<group>"; };
		99A86B9222505FB7007048C0 /* ModalLogin.xib */ = {isa = PBXFileReference; lastKnownFileType = file.xib; path = ModalLogin.xib; sourceTree = "<group>"; };
		99A86B9422506078007048C0 /* ModalLogin.swift */ = {isa = PBXFileReference; lastKnownFileType = sourcecode.swift; path = ModalLogin.swift; sourceTree = "<group>"; };
		99A86B9622544C34007048C0 /* ModalCreateAccount.xib */ = {isa = PBXFileReference; lastKnownFileType = file.xib; path = ModalCreateAccount.xib; sourceTree = "<group>"; };
		99A86B9822544C56007048C0 /* ModalCreateAccount.swift */ = {isa = PBXFileReference; lastKnownFileType = sourcecode.swift; path = ModalCreateAccount.swift; sourceTree = "<group>"; };
		99D1BC29224EDD6100A67A65 /* NSButton+Colors.swift */ = {isa = PBXFileReference; fileEncoding = 4; lastKnownFileType = sourcecode.swift; path = "NSButton+Colors.swift"; sourceTree = "<group>"; };
		C35CEE1EFAB03166098F9288 /* Pods-DevSlopesSlack.release.xcconfig */ = {isa = PBXFileReference; includeInIndex = 1; lastKnownFileType = text.xcconfig; name = "Pods-DevSlopesSlack.release.xcconfig"; path = "Target Support Files/Pods-DevSlopesSlack/Pods-DevSlopesSlack.release.xcconfig"; sourceTree = "<group>"; };
/* End PBXFileReference section */

/* Begin PBXFrameworksBuildPhase section */
		9912A1272228B3B9006CA38D /* Frameworks */ = {
			isa = PBXFrameworksBuildPhase;
			buildActionMask = 2147483647;
			files = (
				9C628008AB4719CC59647A59 /* Pods_DevSlopesSlack.framework in Frameworks */,
			);
			runOnlyForDeploymentPostprocessing = 0;
		};
/* End PBXFrameworksBuildPhase section */

/* Begin PBXGroup section */
		9901E4C6225C33C4004752E8 /* Services */ = {
			isa = PBXGroup;
			children = (
				9901E4C7225C340D004752E8 /* AuthService.swift */,
				9901E4CB22602343004752E8 /* UserDataService.swift */,
			);
			path = Services;
			sourceTree = "<group>";
		};
		9912A1212228B3B9006CA38D = {
			isa = PBXGroup;
			children = (
				9912A12C2228B3B9006CA38D /* DevSlopesSlack */,
				9912A12B2228B3B9006CA38D /* Products */,
				F6D87880013BCEC1C5BBCD6E /* Pods */,
				AF529C26B3EBA32CD7E361A9 /* Frameworks */,
			);
			sourceTree = "<group>";
		};
		9912A12B2228B3B9006CA38D /* Products */ = {
			isa = PBXGroup;
			children = (
				9912A12A2228B3B9006CA38D /* DevSlopesSlack.app */,
			);
			name = Products;
			sourceTree = "<group>";
		};
		9912A12C2228B3B9006CA38D /* DevSlopesSlack */ = {
			isa = PBXGroup;
			children = (
				9901E4C6225C33C4004752E8 /* Services */,
				99A86B9122505F95007048C0 /* Xib */,
				9912A1482228C76F006CA38D /* Utilities */,
				9912A13D2228B657006CA38D /* Model */,
				9912A13E2228B664006CA38D /* View */,
				9912A13F2228B671006CA38D /* Controller */,
				9912A12D2228B3B9006CA38D /* AppDelegate.swift */,
				99D1BC29224EDD6100A67A65 /* NSButton+Colors.swift */,
				9912A1312228B3BA006CA38D /* Assets.xcassets */,
				9912A1332228B3BA006CA38D /* Main.storyboard */,
				99A86B8B224FA938007048C0 /* ModalType.swift */,
				9912A1362228B3BA006CA38D /* Info.plist */,
				9912A1372228B3BA006CA38D /* DevSlopesSlack.entitlements */,
				99A86B8D224FA9D9007048C0 /* NotificationName+Custom.swift */,
			);
			path = DevSlopesSlack;
			sourceTree = "<group>";
		};
		9912A13D2228B657006CA38D /* Model */ = {
			isa = PBXGroup;
			children = (
				9901E4C922600A51004752E8 /* User.swift */,
				9901E4CD2260277A004752E8 /* SlackUser.swift */,
			);
			path = Model;
			sourceTree = "<group>";
		};
		9912A13E2228B664006CA38D /* View */ = {
			isa = PBXGroup;
			children = (
				99A86B8F224FAEA1007048C0 /* ClickBlockingView.swift */,
				99A86B9422506078007048C0 /* ModalLogin.swift */,
				99A86B9822544C56007048C0 /* ModalCreateAccount.swift */,
			);
			path = View;
			sourceTree = "<group>";
		};
		9912A13F2228B671006CA38D /* Controller */ = {
			isa = PBXGroup;
			children = (
				9912A1402228B8F8006CA38D /* ToolBarViewController.swift */,
				9912A1422228B908006CA38D /* ChannelViewController.swift */,
				9912A1442228B91A006CA38D /* ChatViewController.swift */,
				9912A1462228BA1E006CA38D /* MainWindowController.swift */,
			);
			path = Controller;
			sourceTree = "<group>";
		};
		9912A1482228C76F006CA38D /* Utilities */ = {
			isa = PBXGroup;
			children = (
				9912A1492228C781006CA38D /* Consants.swift */,
			);
			path = Utilities;
			sourceTree = "<group>";
		};
		99A86B9122505F95007048C0 /* Xib */ = {
			isa = PBXGroup;
			children = (
				99A86B9222505FB7007048C0 /* ModalLogin.xib */,
				99A86B9622544C34007048C0 /* ModalCreateAccount.xib */,
			);
			path = Xib;
			sourceTree = "<group>";
		};
		AF529C26B3EBA32CD7E361A9 /* Frameworks */ = {
			isa = PBXGroup;
			children = (
				79A13CDAFD1A8474E3D95AC1 /* Pods_DevSlopesSlack.framework */,
			);
			name = Frameworks;
			sourceTree = "<group>";
		};
		F6D87880013BCEC1C5BBCD6E /* Pods */ = {
			isa = PBXGroup;
			children = (
				1A6FEE27DDC6FFDED675CDBA /* Pods-DevSlopesSlack.debug.xcconfig */,
				C35CEE1EFAB03166098F9288 /* Pods-DevSlopesSlack.release.xcconfig */,
			);
			path = Pods;
			sourceTree = "<group>";
		};
/* End PBXGroup section */

/* Begin PBXNativeTarget section */
		9912A1292228B3B9006CA38D /* DevSlopesSlack */ = {
			isa = PBXNativeTarget;
			buildConfigurationList = 9912A13A2228B3BA006CA38D /* Build configuration list for PBXNativeTarget "DevSlopesSlack" */;
			buildPhases = (
				ED46785FA9B44EF5719F875B /* [CP] Check Pods Manifest.lock */,
				9912A1262228B3B9006CA38D /* Sources */,
				9912A1272228B3B9006CA38D /* Frameworks */,
				9912A1282228B3B9006CA38D /* Resources */,
				2905A43C0EF955F671083382 /* [CP] Embed Pods Frameworks */,
			);
			buildRules = (
			);
			dependencies = (
			);
			name = DevSlopesSlack;
			productName = DevSlopesSlack;
			productReference = 9912A12A2228B3B9006CA38D /* DevSlopesSlack.app */;
			productType = "com.apple.product-type.application";
		};
/* End PBXNativeTarget section */

/* Begin PBXProject section */
		9912A1222228B3B9006CA38D /* Project object */ = {
			isa = PBXProject;
			attributes = {
				LastSwiftUpdateCheck = 1010;
				LastUpgradeCheck = 1010;
				ORGANIZATIONNAME = BobStruzSoftware;
				TargetAttributes = {
					9912A1292228B3B9006CA38D = {
						CreatedOnToolsVersion = 10.1;
						LastSwiftMigration = 1020;
					};
				};
			};
			buildConfigurationList = 9912A1252228B3B9006CA38D /* Build configuration list for PBXProject "DevSlopesSlack" */;
			compatibilityVersion = "Xcode 9.3";
			developmentRegion = en;
			hasScannedForEncodings = 0;
			knownRegions = (
				en,
				Base,
			);
			mainGroup = 9912A1212228B3B9006CA38D;
			productRefGroup = 9912A12B2228B3B9006CA38D /* Products */;
			projectDirPath = "";
			projectRoot = "";
			targets = (
				9912A1292228B3B9006CA38D /* DevSlopesSlack */,
			);
		};
/* End PBXProject section */

/* Begin PBXResourcesBuildPhase section */
		9912A1282228B3B9006CA38D /* Resources */ = {
			isa = PBXResourcesBuildPhase;
			buildActionMask = 2147483647;
			files = (
				9912A1322228B3BA006CA38D /* Assets.xcassets in Resources */,
				99A86B9722544C34007048C0 /* ModalCreateAccount.xib in Resources */,
				99A86B9322505FB7007048C0 /* ModalLogin.xib in Resources */,
				9912A1352228B3BA006CA38D /* Main.storyboard in Resources */,
			);
			runOnlyForDeploymentPostprocessing = 0;
		};
/* End PBXResourcesBuildPhase section */

/* Begin PBXShellScriptBuildPhase section */
		2905A43C0EF955F671083382 /* [CP] Embed Pods Frameworks */ = {
			isa = PBXShellScriptBuildPhase;
			buildActionMask = 2147483647;
			files = (
			);
			inputFileListPaths = (
			);
			inputPaths = (
				"${PODS_ROOT}/Target Support Files/Pods-DevSlopesSlack/Pods-DevSlopesSlack-frameworks.sh",
				"${BUILT_PRODUCTS_DIR}/Alamofire/Alamofire.framework",
				"${BUILT_PRODUCTS_DIR}/Socket.IO-Client-Swift/SocketIO.framework",
				"${BUILT_PRODUCTS_DIR}/Starscream/Starscream.framework",
				"${BUILT_PRODUCTS_DIR}/SwiftyJSON/SwiftyJSON.framework",
			);
			name = "[CP] Embed Pods Frameworks";
			outputFileListPaths = (
			);
			outputPaths = (
				"${TARGET_BUILD_DIR}/${FRAMEWORKS_FOLDER_PATH}/Alamofire.framework",
				"${TARGET_BUILD_DIR}/${FRAMEWORKS_FOLDER_PATH}/SocketIO.framework",
				"${TARGET_BUILD_DIR}/${FRAMEWORKS_FOLDER_PATH}/Starscream.framework",
				"${TARGET_BUILD_DIR}/${FRAMEWORKS_FOLDER_PATH}/SwiftyJSON.framework",
			);
			runOnlyForDeploymentPostprocessing = 0;
			shellPath = /bin/sh;
			shellScript = "\"${PODS_ROOT}/Target Support Files/Pods-DevSlopesSlack/Pods-DevSlopesSlack-frameworks.sh\"\n";
			showEnvVarsInLog = 0;
		};
		ED46785FA9B44EF5719F875B /* [CP] Check Pods Manifest.lock */ = {
			isa = PBXShellScriptBuildPhase;
			buildActionMask = 2147483647;
			files = (
			);
			inputFileListPaths = (
			);
			inputPaths = (
				"${PODS_PODFILE_DIR_PATH}/Podfile.lock",
				"${PODS_ROOT}/Manifest.lock",
			);
			name = "[CP] Check Pods Manifest.lock";
			outputFileListPaths = (
			);
			outputPaths = (
				"$(DERIVED_FILE_DIR)/Pods-DevSlopesSlack-checkManifestLockResult.txt",
			);
			runOnlyForDeploymentPostprocessing = 0;
			shellPath = /bin/sh;
			shellScript = "diff \"${PODS_PODFILE_DIR_PATH}/Podfile.lock\" \"${PODS_ROOT}/Manifest.lock\" > /dev/null\nif [ $? != 0 ] ; then\n    # print error to STDERR\n    echo \"error: The sandbox is not in sync with the Podfile.lock. Run 'pod install' or update your CocoaPods installation.\" >&2\n    exit 1\nfi\n# This output is used by Xcode 'outputs' to avoid re-running this script phase.\necho \"SUCCESS\" > \"${SCRIPT_OUTPUT_FILE_0}\"\n";
			showEnvVarsInLog = 0;
		};
/* End PBXShellScriptBuildPhase section */

/* Begin PBXSourcesBuildPhase section */
		9912A1262228B3B9006CA38D /* Sources */ = {
			isa = PBXSourcesBuildPhase;
			buildActionMask = 2147483647;
			files = (
				9912A1412228B8F8006CA38D /* ToolBarViewController.swift in Sources */,
				99A86B8C224FA938007048C0 /* ModalType.swift in Sources */,
				9912A1432228B908006CA38D /* ChannelViewController.swift in Sources */,
				99A86B9522506078007048C0 /* ModalLogin.swift in Sources */,
				9912A14A2228C781006CA38D /* Consants.swift in Sources */,
				99D1BC2A224EDD6200A67A65 /* NSButton+Colors.swift in Sources */,
				9901E4CC22602343004752E8 /* UserDataService.swift in Sources */,
				9901E4CE2260277A004752E8 /* SlackUser.swift in Sources */,
				9901E4CA22600A51004752E8 /* User.swift in Sources */,
				9901E4C8225C340D004752E8 /* AuthService.swift in Sources */,
				9912A1452228B91A006CA38D /* ChatViewController.swift in Sources */,
				9912A12E2228B3B9006CA38D /* AppDelegate.swift in Sources */,
				99A86B8E224FA9D9007048C0 /* NotificationName+Custom.swift in Sources */,
				99A86B9922544C56007048C0 /* ModalCreateAccount.swift in Sources */,
				99A86B90224FAEA1007048C0 /* ClickBlockingView.swift in Sources */,
				9912A1472228BA1E006CA38D /* MainWindowController.swift in Sources */,
			);
			runOnlyForDeploymentPostprocessing = 0;
		};
/* End PBXSourcesBuildPhase section */

/* Begin PBXVariantGroup section */
		9912A1332228B3BA006CA38D /* Main.storyboard */ = {
			isa = PBXVariantGroup;
			children = (
				9912A1342228B3BA006CA38D /* Base */,
			);
			name = Main.storyboard;
			sourceTree = "<group>";
		};
/* End PBXVariantGroup section */

/* Begin XCBuildConfiguration section */
		9912A1382228B3BA006CA38D /* Debug */ = {
			isa = XCBuildConfiguration;
			buildSettings = {
				ALWAYS_SEARCH_USER_PATHS = NO;
				CLANG_ANALYZER_NONNULL = YES;
				CLANG_ANALYZER_NUMBER_OBJECT_CONVERSION = YES_AGGRESSIVE;
				CLANG_CXX_LANGUAGE_STANDARD = "gnu++14";
				CLANG_CXX_LIBRARY = "libc++";
				CLANG_ENABLE_MODULES = YES;
				CLANG_ENABLE_OBJC_ARC = YES;
				CLANG_ENABLE_OBJC_WEAK = YES;
				CLANG_WARN_BLOCK_CAPTURE_AUTORELEASING = YES;
				CLANG_WARN_BOOL_CONVERSION = YES;
				CLANG_WARN_COMMA = YES;
				CLANG_WARN_CONSTANT_CONVERSION = YES;
				CLANG_WARN_DEPRECATED_OBJC_IMPLEMENTATIONS = YES;
				CLANG_WARN_DIRECT_OBJC_ISA_USAGE = YES_ERROR;
				CLANG_WARN_DOCUMENTATION_COMMENTS = YES;
				CLANG_WARN_EMPTY_BODY = YES;
				CLANG_WARN_ENUM_CONVERSION = YES;
				CLANG_WARN_INFINITE_RECURSION = YES;
				CLANG_WARN_INT_CONVERSION = YES;
				CLANG_WARN_NON_LITERAL_NULL_CONVERSION = YES;
				CLANG_WARN_OBJC_IMPLICIT_RETAIN_SELF = YES;
				CLANG_WARN_OBJC_LITERAL_CONVERSION = YES;
				CLANG_WARN_OBJC_ROOT_CLASS = YES_ERROR;
				CLANG_WARN_RANGE_LOOP_ANALYSIS = YES;
				CLANG_WARN_STRICT_PROTOTYPES = YES;
				CLANG_WARN_SUSPICIOUS_MOVE = YES;
				CLANG_WARN_UNGUARDED_AVAILABILITY = YES_AGGRESSIVE;
				CLANG_WARN_UNREACHABLE_CODE = YES;
				CLANG_WARN__DUPLICATE_METHOD_MATCH = YES;
				CODE_SIGN_IDENTITY = "Mac Developer";
				COPY_PHASE_STRIP = NO;
				DEBUG_INFORMATION_FORMAT = dwarf;
				ENABLE_STRICT_OBJC_MSGSEND = YES;
				ENABLE_TESTABILITY = YES;
				GCC_C_LANGUAGE_STANDARD = gnu11;
				GCC_DYNAMIC_NO_PIC = NO;
				GCC_NO_COMMON_BLOCKS = YES;
				GCC_OPTIMIZATION_LEVEL = 0;
				GCC_PREPROCESSOR_DEFINITIONS = (
					"DEBUG=1",
					"$(inherited)",
				);
				GCC_WARN_64_TO_32_BIT_CONVERSION = YES;
				GCC_WARN_ABOUT_RETURN_TYPE = YES_ERROR;
				GCC_WARN_UNDECLARED_SELECTOR = YES;
				GCC_WARN_UNINITIALIZED_AUTOS = YES_AGGRESSIVE;
				GCC_WARN_UNUSED_FUNCTION = YES;
				GCC_WARN_UNUSED_VARIABLE = YES;
				MACOSX_DEPLOYMENT_TARGET = 10.14;
				MTL_ENABLE_DEBUG_INFO = INCLUDE_SOURCE;
				MTL_FAST_MATH = YES;
				ONLY_ACTIVE_ARCH = YES;
				SDKROOT = macosx;
				SWIFT_ACTIVE_COMPILATION_CONDITIONS = DEBUG;
				SWIFT_OPTIMIZATION_LEVEL = "-Onone";
			};
			name = Debug;
		};
		9912A1392228B3BA006CA38D /* Release */ = {
			isa = XCBuildConfiguration;
			buildSettings = {
				ALWAYS_SEARCH_USER_PATHS = NO;
				CLANG_ANALYZER_NONNULL = YES;
				CLANG_ANALYZER_NUMBER_OBJECT_CONVERSION = YES_AGGRESSIVE;
				CLANG_CXX_LANGUAGE_STANDARD = "gnu++14";
				CLANG_CXX_LIBRARY = "libc++";
				CLANG_ENABLE_MODULES = YES;
				CLANG_ENABLE_OBJC_ARC = YES;
				CLANG_ENABLE_OBJC_WEAK = YES;
				CLANG_WARN_BLOCK_CAPTURE_AUTORELEASING = YES;
				CLANG_WARN_BOOL_CONVERSION = YES;
				CLANG_WARN_COMMA = YES;
				CLANG_WARN_CONSTANT_CONVERSION = YES;
				CLANG_WARN_DEPRECATED_OBJC_IMPLEMENTATIONS = YES;
				CLANG_WARN_DIRECT_OBJC_ISA_USAGE = YES_ERROR;
				CLANG_WARN_DOCUMENTATION_COMMENTS = YES;
				CLANG_WARN_EMPTY_BODY = YES;
				CLANG_WARN_ENUM_CONVERSION = YES;
				CLANG_WARN_INFINITE_RECURSION = YES;
				CLANG_WARN_INT_CONVERSION = YES;
				CLANG_WARN_NON_LITERAL_NULL_CONVERSION = YES;
				CLANG_WARN_OBJC_IMPLICIT_RETAIN_SELF = YES;
				CLANG_WARN_OBJC_LITERAL_CONVERSION = YES;
				CLANG_WARN_OBJC_ROOT_CLASS = YES_ERROR;
				CLANG_WARN_RANGE_LOOP_ANALYSIS = YES;
				CLANG_WARN_STRICT_PROTOTYPES = YES;
				CLANG_WARN_SUSPICIOUS_MOVE = YES;
				CLANG_WARN_UNGUARDED_AVAILABILITY = YES_AGGRESSIVE;
				CLANG_WARN_UNREACHABLE_CODE = YES;
				CLANG_WARN__DUPLICATE_METHOD_MATCH = YES;
				CODE_SIGN_IDENTITY = "Mac Developer";
				COPY_PHASE_STRIP = NO;
				DEBUG_INFORMATION_FORMAT = "dwarf-with-dsym";
				ENABLE_NS_ASSERTIONS = NO;
				ENABLE_STRICT_OBJC_MSGSEND = YES;
				GCC_C_LANGUAGE_STANDARD = gnu11;
				GCC_NO_COMMON_BLOCKS = YES;
				GCC_WARN_64_TO_32_BIT_CONVERSION = YES;
				GCC_WARN_ABOUT_RETURN_TYPE = YES_ERROR;
				GCC_WARN_UNDECLARED_SELECTOR = YES;
				GCC_WARN_UNINITIALIZED_AUTOS = YES_AGGRESSIVE;
				GCC_WARN_UNUSED_FUNCTION = YES;
				GCC_WARN_UNUSED_VARIABLE = YES;
				MACOSX_DEPLOYMENT_TARGET = 10.14;
				MTL_ENABLE_DEBUG_INFO = NO;
				MTL_FAST_MATH = YES;
				SDKROOT = macosx;
				SWIFT_COMPILATION_MODE = wholemodule;
				SWIFT_OPTIMIZATION_LEVEL = "-O";
			};
			name = Release;
		};
		9912A13B2228B3BA006CA38D /* Debug */ = {
			isa = XCBuildConfiguration;
			baseConfigurationReference = 1A6FEE27DDC6FFDED675CDBA /* Pods-DevSlopesSlack.debug.xcconfig */;
			buildSettings = {
				ASSETCATALOG_COMPILER_APPICON_NAME = AppIcon;
				CODE_SIGN_ENTITLEMENTS = DevSlopesSlack/DevSlopesSlack.entitlements;
				CODE_SIGN_STYLE = Automatic;
				COMBINE_HIDPI_IMAGES = YES;
				DEVELOPMENT_TEAM = MX49LZU2AV;
				INFOPLIST_FILE = DevSlopesSlack/Info.plist;
				LD_RUNPATH_SEARCH_PATHS = (
					"$(inherited)",
					"@executable_path/../Frameworks",
				);
				PRODUCT_BUNDLE_IDENTIFIER = com.bobstruzsoftware.DevSlopesSlack;
				PRODUCT_NAME = "$(TARGET_NAME)";
				SWIFT_VERSION = 5.0;
			};
			name = Debug;
		};
		9912A13C2228B3BA006CA38D /* Release */ = {
			isa = XCBuildConfiguration;
			baseConfigurationReference = C35CEE1EFAB03166098F9288 /* Pods-DevSlopesSlack.release.xcconfig */;
			buildSettings = {
				ASSETCATALOG_COMPILER_APPICON_NAME = AppIcon;
				CODE_SIGN_ENTITLEMENTS = DevSlopesSlack/DevSlopesSlack.entitlements;
				CODE_SIGN_STYLE = Automatic;
				COMBINE_HIDPI_IMAGES = YES;
				DEVELOPMENT_TEAM = MX49LZU2AV;
				INFOPLIST_FILE = DevSlopesSlack/Info.plist;
				LD_RUNPATH_SEARCH_PATHS = (
					"$(inherited)",
					"@executable_path/../Frameworks",
				);
				PRODUCT_BUNDLE_IDENTIFIER = com.bobstruzsoftware.DevSlopesSlack;
				PRODUCT_NAME = "$(TARGET_NAME)";
				SWIFT_VERSION = 5.0;
			};
			name = Release;
		};
/* End XCBuildConfiguration section */

/* Begin XCConfigurationList section */
		9912A1252228B3B9006CA38D /* Build configuration list for PBXProject "DevSlopesSlack" */ = {
			isa = XCConfigurationList;
			buildConfigurations = (
				9912A1382228B3BA006CA38D /* Debug */,
				9912A1392228B3BA006CA38D /* Release */,
			);
			defaultConfigurationIsVisible = 0;
			defaultConfigurationName = Release;
		};
		9912A13A2228B3BA006CA38D /* Build configuration list for PBXNativeTarget "DevSlopesSlack" */ = {
			isa = XCConfigurationList;
			buildConfigurations = (
				9912A13B2228B3BA006CA38D /* Debug */,
				9912A13C2228B3BA006CA38D /* Release */,
			);
			defaultConfigurationIsVisible = 0;
			defaultConfigurationName = Release;
		};
/* End XCConfigurationList section */
	};
	rootObject = 9912A1222228B3B9006CA38D /* Project object */;
}
